{
  "lib/forge-std": {
    "tag": {
      "name": "v1.12.0",
      "rev": "7117c90c8cf6c68e5acce4f09a6b24715cea4de6"
    }
  },
  "lib/foundry-devops": {
    "tag": {
      "name": "0.4.0",
      "rev": "efff097a87e70c3d15661c9f2a2daeae0b33d5d5"
    }
  },
  "lib/murky": {
    "rev": "991e371eb1dfa9f86701869eb08ec4e98c3cc0b0"
  },
  "lib/openzeppelin-contracts": {
    "rev": "a83d9aabbca1ad4be17acba3e1caeca90539d3cc"
  }
}